
Microsoft Visual Studio Solution File, Format Version 12.00
# Visual Studio Version 17
VisualStudioVersion = 17.9.34728.123
MinimumVisualStudioVersion = 10.0.40219.1
Project("{FAE04EC0-301F-11D3-BF4B-00C04F79EFBC}") = "ProjetoA3Gestao", "ProjetoA3Gestao.csproj", "{3F8D4BA4-EF6C-4E9D-842D-6577F25A5D69}"
EndProject
Global
	GlobalSection(SolutionConfigurationPlatforms) = preSolution
		Debug|Any CPU = Debug|Any CPU
		Release|Any CPU = Release|Any CPU
	EndGlobalSection
	GlobalSection(ProjectConfigurationPlatforms) = postSolution
		{3F8D4BA4-EF6C-4E9D-842D-6577F25A5D69}.Debug|Any CPU.ActiveCfg = Debug|Any CPU
		{3F8D4BA4-EF6C-4E9D-842D-6577F25A5D69}.Debug|Any CPU.Build.0 = Debug|Any CPU
		{3F8D4BA4-EF6C-4E9D-842D-6577F25A5D69}.Release|Any CPU.ActiveCfg = Release|Any CPU
		{3F8D4BA4-EF6C-4E9D-842D-6577F25A5D69}.Release|Any CPU.Build.0 = Release|Any CPU
	EndGlobalSection
	GlobalSection(SolutionProperties) = preSolution
		HideSolutionNode = FALSE
	EndGlobalSection
	GlobalSection(ExtensibilityGlobals) = postSolution
		SolutionGuid = {29CD6F49-8185-41EF-BDB5-DF5AC1E97C63}
	EndGlobalSection
EndGlobal
